
Microsoft Visual Studio Solution File, Format Version 12.00
# Visual Studio Version 17
VisualStudioVersion = 17.3.32901.215
MinimumVisualStudioVersion = 10.0.40219.1
Project("{FAE04EC0-301F-11D3-BF4B-00C04F79EFBC}") = "DZ-4m-31l", "DZ-4m-31l\DZ-4m-31l.csproj", "{6136292B-D926-4821-A4A4-C23D5D6AD034}"
EndProject
Global
	GlobalSection(SolutionConfigurationPlatforms) = preSolution
		Debug|Any CPU = Debug|Any CPU
		Release|Any CPU = Release|Any CPU
	EndGlobalSection
	GlobalSection(ProjectConfigurationPlatforms) = postSolution
		{6136292B-D926-4821-A4A4-C23D5D6AD034}.Debug|Any CPU.ActiveCfg = Debug|Any CPU
		{6136292B-D926-4821-A4A4-C23D5D6AD034}.Debug|Any CPU.Build.0 = Debug|Any CPU
		{6136292B-D926-4821-A4A4-C23D5D6AD034}.Release|Any CPU.ActiveCfg = Release|Any CPU
		{6136292B-D926-4821-A4A4-C23D5D6AD034}.Release|Any CPU.Build.0 = Release|Any CPU
	EndGlobalSection
	GlobalSection(SolutionProperties) = preSolution
		HideSolutionNode = FALSE
	EndGlobalSection
	GlobalSection(ExtensibilityGlobals) = postSolution
		SolutionGuid = {5AA5D58F-A542-4C2E-9E9C-CB83DCC6BBC6}
	EndGlobalSection
EndGlobal
